{
    "requires": true,
    "lockfileVersion": 1,
    "dependencies": {
        "core-js": {
            "version": "2.5.5",
            "resolved": "https://registry.npmjs.org/core-js/-/core-js-2.5.5.tgz",
            "integrity": "sha1-sU3ek2xkDAV5prUMq8wTLdYSfjs="
        },
        "lodash-es": {
            "version": "4.17.10",
            "resolved": "https://registry.npmjs.org/lodash-es/-/lodash-es-4.17.10.tgz",
            "integrity": "sha512-iesFYPmxYYGTcmQK0sL8bX3TGHyM6b2qREaB4kamHfQyfPJP0xgoGxp19nsH16nsfquLdiyKyX3mQkfiSGV8Rg=="
        },
        "smooth-scrollbar": {
            "version": "8.2.7",
            "resolved": "https://registry.npmjs.org/smooth-scrollbar/-/smooth-scrollbar-8.2.7.tgz",
            "integrity": "sha512-NnK4u48AB2ktT0KlXkmqk5dqaQx2cxxGiesaZFMl1xtzYcdxT166OZ9Bze0j4dUje5uyqc6bLTtioUNe+ctTJw==",
            "requires": {
                "core-js": "2.5.5",
                "lodash-es": "4.17.10",
                "tslib": "1.9.0"
            }
        },
        "tslib": {
            "version": "1.9.0",
            "resolved": "https://registry.npmjs.org/tslib/-/tslib-1.9.0.tgz",
            "integrity": "sha512-f/qGG2tUkrISBlQZEjEqoZ3B2+npJjIf04H1wuAv9iA8i04Icp+61KRXxFdha22670NJopsZCIjhC3SnjPRKrQ=="
        }
    }
}
